PODS:
  - MMenu (1.0.1)
  - ReactiveObjC (3.1.1)

DEPENDENCIES:
  - MMenu
  - ReactiveObjC (~> 3.1.1)

SPEC REPOS:
  https://gitee.com/wtMal/malpodspecs.git:
    - MMenu
  https://github.com/cocoapods/specs.git:
    - ReactiveObjC

SPEC CHECKSUMS:
  MMenu: 32d8acd31587c7e2cd1d46a88a37cf83d9df6fdf
  ReactiveObjC: 011caa393aa0383245f2dcf9bf02e86b80b36040

PODFILE CHECKSUM: a98ccc2dece2085ee3cf8b4fb7686dd37a72cc40

COCOAPODS: 1.7.5
