PODS:
  - RxSwift (5.1.1)
  - SnapKit (5.0.1)

DEPENDENCIES:
  - RxSwift
  - SnapKit

SPEC REPOS:
  https://github.com/CocoaPods/Specs.git:
    - RxSwift
    - SnapKit

SPEC CHECKSUMS:
  RxSwift: 81470a2074fa8780320ea5fe4102807cb7118178
  SnapKit: 97b92857e3df3a0c71833cce143274bf6ef8e5eb

PODFILE CHECKSUM: 23f089bcac5db5349dbea9b08cddb088d36a7874

COCOAPODS: 1.8.4
