// !$*UTF8*$!
{
	archiveVersion = 1;
	classes = {
	};
	objectVersion = 50;
	objects = {

/* Begin PBXBuildFile section */
		20A527CD21007B7D001879FA /* AppDelegate.m in Sources */ = {isa = PBXBuildFile; fileRef = 20A527CC21007B7D001879FA /* AppDelegate.m */; };
		20A527D021007B7D001879FA /* ViewController.m in Sources */ = {isa = PBXBuildFile; fileRef = 20A527CF21007B7D001879FA /* ViewController.m */; };
		20A527D321007B7D001879FA /* Main.storyboard in Resources */ = {isa = PBXBuildFile; fileRef = 20A527D121007B7D001879FA /* Main.storyboard */; };
		20A527D521007B7E001879FA /* Assets.xcassets in Resources */ = {isa = PBXBuildFile; fileRef = 20A527D421007B7E001879FA /* Assets.xcassets */; };
		20A527D821007B7E001879FA /* LaunchScreen.storyboard in Resources */ = {isa = PBXBuildFile; fileRef = 20A527D621007B7E001879FA /* LaunchScreen.storyboard */; };
		20A527DB21007B7F001879FA /* main.m in Sources */ = {isa = PBXBuildFile; fileRef = 20A527DA21007B7F001879FA /* main.m */; };
		20A527E521007B7F001879FA /* MRunloopDemoTests.m in Sources */ = {isa = PBXBuildFile; fileRef = 20A527E421007B7F001879FA /* MRunloopDemoTests.m */; };
		20A527F021007B7F001879FA /* MRunloopDemoUITests.m in Sources */ = {isa = PBXBuildFile; fileRef = 20A527EF21007B7F001879FA /* MRunloopDemoUITests.m */; };
		20A528012102D601001879FA /* MitemModel.m in Sources */ = {isa = PBXBuildFile; fileRef = 20A528002102D601001879FA /* MitemModel.m */; };
		20A5280721031139001879FA /* MTableViewController.m in Sources */ = {isa = PBXBuildFile; fileRef = 20A5280521031139001879FA /* MTableViewController.m */; };
		20A5280821031139001879FA /* MTableViewController.xib in Resources */ = {isa = PBXBuildFile; fileRef = 20A5280621031139001879FA /* MTableViewController.xib */; };
/* End PBXBuildFile section */

/* Begin PBXContainerItemProxy section */
		20A527E121007B7F001879FA /* PBXContainerItemProxy */ = {
			isa = PBXContainerItemProxy;
			containerPortal = 20A527C021007B7D001879FA /* Project object */;
			proxyType = 1;
			remoteGlobalIDString = 20A527C721007B7D001879FA;
			remoteInfo = MRunloopDemo;
		};
		20A527EC21007B7F001879FA /* PBXContainerItemProxy */ = {
			isa = PBXContainerItemProxy;
			containerPortal = 20A527C021007B7D001879FA /* Project object */;
			proxyType = 1;
			remoteGlobalIDString = 20A527C721007B7D001879FA;
			remoteInfo = MRunloopDemo;
		};
/* End PBXContainerItemProxy section */

/* Begin PBXFileReference section */
		20A527C821007B7D001879FA /* MRunloopDemo.app */ = {isa = PBXFileReference; explicitFileType = wrapper.application; includeInIndex = 0; path = MRunloopDemo.app; sourceTree = BUILT_PRODUCTS_DIR; };
		20A527CB21007B7D001879FA /* AppDelegate.h */ = {isa = PBXFileReference; lastKnownFileType = sourcecode.c.h; path = AppDelegate.h; sourceTree = "<group>"; };
		20A527CC21007B7D001879FA /* AppDelegate.m */ = {isa = PBXFileReference; lastKnownFileType = sourcecode.c.objc; path = AppDelegate.m; sourceTree = "<group>"; };
		20A527CE21007B7D001879FA /* ViewController.h */ = {isa = PBXFileReference; lastKnownFileType = sourcecode.c.h; path = ViewController.h; sourceTree = "<group>"; };
		20A527CF21007B7D001879FA /* ViewController.m */ = {isa = PBXFileReference; lastKnownFileType = sourcecode.c.objc; path = ViewController.m; sourceTree = "<group>"; };
		20A527D221007B7D001879FA /* Base */ = {isa = PBXFileReference; lastKnownFileType = file.storyboard; name = Base; path = Base.lproj/Main.storyboard; sourceTree = "<group>"; };
		20A527D421007B7E001879FA /* Assets.xcassets */ = {isa = PBXFileReference; lastKnownFileType = folder.assetcatalog; path = Assets.xcassets; sourceTree = "<group>"; };
		20A527D721007B7E001879FA /* Base */ = {isa = PBXFileReference; lastKnownFileType = file.storyboard; name = Base; path = Base.lproj/LaunchScreen.storyboard; sourceTree = "<group>"; };
		20A527D921007B7F001879FA /* Info.plist */ = {isa = PBXFileReference; lastKnownFileType = text.plist.xml; path = Info.plist; sourceTree = "<group>"; };
		20A527DA21007B7F001879FA /* main.m */ = {isa = PBXFileReference; lastKnownFileType = sourcecode.c.objc; path = main.m; sourceTree = "<group>"; };
		20A527E021007B7F001879FA /* MRunloopDemoTests.xctest */ = {isa = PBXFileReference; explicitFileType = wrapper.cfbundle; includeInIndex = 0; path = MRunloopDemoTests.xctest; sourceTree = BUILT_PRODUCTS_DIR; };
		20A527E421007B7F001879FA /* MRunloopDemoTests.m */ = {isa = PBXFileReference; lastKnownFileType = sourcecode.c.objc; path = MRunloopDemoTests.m; sourceTree = "<group>"; };
		20A527E621007B7F001879FA /* Info.plist */ = {isa = PBXFileReference; lastKnownFileType = text.plist.xml; path = Info.plist; sourceTree = "<group>"; };
		20A527EB21007B7F001879FA /* MRunloopDemoUITests.xctest */ = {isa = PBXFileReference; explicitFileType = wrapper.cfbundle; includeInIndex = 0; path = MRunloopDemoUITests.xctest; sourceTree = BUILT_PRODUCTS_DIR; };
		20A527EF21007B7F001879FA /* MRunloopDemoUITests.m */ = {isa = PBXFileReference; lastKnownFileType = sourcecode.c.objc; path = MRunloopDemoUITests.m; sourceTree = "<group>"; };
		20A527F121007B7F001879FA /* Info.plist */ = {isa = PBXFileReference; lastKnownFileType = text.plist.xml; path = Info.plist; sourceTree = "<group>"; };
		20A527FF2102D601001879FA /* MitemModel.h */ = {isa = PBXFileReference; lastKnownFileType = sourcecode.c.h; path = MitemModel.h; sourceTree = "<group>"; };
		20A528002102D601001879FA /* MitemModel.m */ = {isa = PBXFileReference; lastKnownFileType = sourcecode.c.objc; path = MitemModel.m; sourceTree = "<group>"; };
		20A5280421031139001879FA /* MTableViewController.h */ = {isa = PBXFileReference; lastKnownFileType = sourcecode.c.h; path = MTableViewController.h; sourceTree = "<group>"; };
		20A5280521031139001879FA /* MTableViewController.m */ = {isa = PBXFileReference; lastKnownFileType = sourcecode.c.objc; path = MTableViewController.m; sourceTree = "<group>"; };
		20A5280621031139001879FA /* MTableViewController.xib */ = {isa = PBXFileReference; lastKnownFileType = file.xib; path = MTableViewController.xib; sourceTree = "<group>"; };
/* End PBXFileReference section */

/* Begin PBXFrameworksBuildPhase section */
		20A527C521007B7D001879FA /* Frameworks */ = {
			isa = PBXFrameworksBuildPhase;
			buildActionMask = 2147483647;
			files = (
			);
			runOnlyForDeploymentPostprocessing = 0;
		};
		20A527DD21007B7F001879FA /* Frameworks */ = {
			isa = PBXFrameworksBuildPhase;
			buildActionMask = 2147483647;
			files = (
			);
			runOnlyForDeploymentPostprocessing = 0;
		};
		20A527E821007B7F001879FA /* Frameworks */ = {
			isa = PBXFrameworksBuildPhase;
			buildActionMask = 2147483647;
			files = (
			);
			runOnlyForDeploymentPostprocessing = 0;
		};
/* End PBXFrameworksBuildPhase section */

/* Begin PBXGroup section */
		20A527BF21007B7D001879FA = {
			isa = PBXGroup;
			children = (
				20A527CA21007B7D001879FA /* MRunloopDemo */,
				20A527E321007B7F001879FA /* MRunloopDemoTests */,
				20A527EE21007B7F001879FA /* MRunloopDemoUITests */,
				20A527C921007B7D001879FA /* Products */,
			);
			sourceTree = "<group>";
		};
		20A527C921007B7D001879FA /* Products */ = {
			isa = PBXGroup;
			children = (
				20A527C821007B7D001879FA /* MRunloopDemo.app */,
				20A527E021007B7F001879FA /* MRunloopDemoTests.xctest */,
				20A527EB21007B7F001879FA /* MRunloopDemoUITests.xctest */,
			);
			name = Products;
			sourceTree = "<group>";
		};
		20A527CA21007B7D001879FA /* MRunloopDemo */ = {
			isa = PBXGroup;
			children = (
				20A527CB21007B7D001879FA /* AppDelegate.h */,
				20A527CC21007B7D001879FA /* AppDelegate.m */,
				20A527D121007B7D001879FA /* Main.storyboard */,
				20A528032102E8F3001879FA /* MainMenu */,
				20A5280921031141001879FA /* table */,
				20A527D421007B7E001879FA /* Assets.xcassets */,
				20A527D621007B7E001879FA /* LaunchScreen.storyboard */,
				20A527D921007B7F001879FA /* Info.plist */,
				20A527DA21007B7F001879FA /* main.m */,
			);
			path = MRunloopDemo;
			sourceTree = "<group>";
		};
		20A527E321007B7F001879FA /* MRunloopDemoTests */ = {
			isa = PBXGroup;
			children = (
				20A527E421007B7F001879FA /* MRunloopDemoTests.m */,
				20A527E621007B7F001879FA /* Info.plist */,
			);
			path = MRunloopDemoTests;
			sourceTree = "<group>";
		};
		20A527EE21007B7F001879FA /* MRunloopDemoUITests */ = {
			isa = PBXGroup;
			children = (
				20A527EF21007B7F001879FA /* MRunloopDemoUITests.m */,
				20A527F121007B7F001879FA /* Info.plist */,
			);
			path = MRunloopDemoUITests;
			sourceTree = "<group>";
		};
		20A528032102E8F3001879FA /* MainMenu */ = {
			isa = PBXGroup;
			children = (
				20A527CE21007B7D001879FA /* ViewController.h */,
				20A527CF21007B7D001879FA /* ViewController.m */,
				20A527FF2102D601001879FA /* MitemModel.h */,
				20A528002102D601001879FA /* MitemModel.m */,
			);
			path = MainMenu;
			sourceTree = "<group>";
		};
		20A5280921031141001879FA /* table */ = {
			isa = PBXGroup;
			children = (
				20A5280421031139001879FA /* MTableViewController.h */,
				20A5280521031139001879FA /* MTableViewController.m */,
				20A5280621031139001879FA /* MTableViewController.xib */,
			);
			path = table;
			sourceTree = "<group>";
		};
/* End PBXGroup section */

/* Begin PBXNativeTarget section */
		20A527C721007B7D001879FA /* MRunloopDemo */ = {
			isa = PBXNativeTarget;
			buildConfigurationList = 20A527F421007B7F001879FA /* Build configuration list for PBXNativeTarget "MRunloopDemo" */;
			buildPhases = (
				20A527C421007B7D001879FA /* Sources */,
				20A527C521007B7D001879FA /* Frameworks */,
				20A527C621007B7D001879FA /* Resources */,
			);
			buildRules = (
			);
			dependencies = (
			);
			name = MRunloopDemo;
			productName = MRunloopDemo;
			productReference = 20A527C821007B7D001879FA /* MRunloopDemo.app */;
			productType = "com.apple.product-type.application";
		};
		20A527DF21007B7F001879FA /* MRunloopDemoTests */ = {
			isa = PBXNativeTarget;
			buildConfigurationList = 20A527F721007B7F001879FA /* Build configuration list for PBXNativeTarget "MRunloopDemoTests" */;
			buildPhases = (
				20A527DC21007B7F001879FA /* Sources */,
				20A527DD21007B7F001879FA /* Frameworks */,
				20A527DE21007B7F001879FA /* Resources */,
			);
			buildRules = (
			);
			dependencies = (
				20A527E221007B7F001879FA /* PBXTargetDependency */,
			);
			name = MRunloopDemoTests;
			productName = MRunloopDemoTests;
			productReference = 20A527E021007B7F001879FA /* MRunloopDemoTests.xctest */;
			productType = "com.apple.product-type.bundle.unit-test";
		};
		20A527EA21007B7F001879FA /* MRunloopDemoUITests */ = {
			isa = PBXNativeTarget;
			buildConfigurationList = 20A527FA21007B7F001879FA /* Build configuration list for PBXNativeTarget "MRunloopDemoUITests" */;
			buildPhases = (
				20A527E721007B7F001879FA /* Sources */,
				20A527E821007B7F001879FA /* Frameworks */,
				20A527E921007B7F001879FA /* Resources */,
			);
			buildRules = (
			);
			dependencies = (
				20A527ED21007B7F001879FA /* PBXTargetDependency */,
			);
			name = MRunloopDemoUITests;
			productName = MRunloopDemoUITests;
			productReference = 20A527EB21007B7F001879FA /* MRunloopDemoUITests.xctest */;
			productType = "com.apple.product-type.bundle.ui-testing";
		};
/* End PBXNativeTarget section */

/* Begin PBXProject section */
		20A527C021007B7D001879FA /* Project object */ = {
			isa = PBXProject;
			attributes = {
				LastUpgradeCheck = 0940;
				ORGANIZATIONNAME = mal;
				TargetAttributes = {
					20A527C721007B7D001879FA = {
						CreatedOnToolsVersion = 9.4;
					};
					20A527DF21007B7F001879FA = {
						CreatedOnToolsVersion = 9.4;
						TestTargetID = 20A527C721007B7D001879FA;
					};
					20A527EA21007B7F001879FA = {
						CreatedOnToolsVersion = 9.4;
						TestTargetID = 20A527C721007B7D001879FA;
					};
				};
			};
			buildConfigurationList = 20A527C321007B7D001879FA /* Build configuration list for PBXProject "MRunloopDemo" */;
			compatibilityVersion = "Xcode 9.3";
			developmentRegion = en;
			hasScannedForEncodings = 0;
			knownRegions = (
				en,
				Base,
			);
			mainGroup = 20A527BF21007B7D001879FA;
			productRefGroup = 20A527C921007B7D001879FA /* Products */;
			projectDirPath = "";
			projectRoot = "";
			targets = (
				20A527C721007B7D001879FA /* MRunloopDemo */,
				20A527DF21007B7F001879FA /* MRunloopDemoTests */,
				20A527EA21007B7F001879FA /* MRunloopDemoUITests */,
			);
		};
/* End PBXProject section */

/* Begin PBXResourcesBuildPhase section */
		20A527C621007B7D001879FA /* Resources */ = {
			isa = PBXResourcesBuildPhase;
			buildActionMask = 2147483647;
			files = (
				20A527D821007B7E001879FA /* LaunchScreen.storyboard in Resources */,
				20A5280821031139001879FA /* MTableViewController.xib in Resources */,
				20A527D521007B7E001879FA /* Assets.xcassets in Resources */,
				20A527D321007B7D001879FA /* Main.storyboard in Resources */,
			);
			runOnlyForDeploymentPostprocessing = 0;
		};
		20A527DE21007B7F001879FA /* Resources */ = {
			isa = PBXResourcesBuildPhase;
			buildActionMask = 2147483647;
			files = (
			);
			runOnlyForDeploymentPostprocessing = 0;
		};
		20A527E921007B7F001879FA /* Resources */ = {
			isa = PBXResourcesBuildPhase;
			buildActionMask = 2147483647;
			files = (
			);
			runOnlyForDeploymentPostprocessing = 0;
		};
/* End PBXResourcesBuildPhase section */

/* Begin PBXSourcesBuildPhase section */
		20A527C421007B7D001879FA /* Sources */ = {
			isa = PBXSourcesBuildPhase;
			buildActionMask = 2147483647;
			files = (
				20A528012102D601001879FA /* MitemModel.m in Sources */,
				20A527D021007B7D001879FA /* ViewController.m in Sources */,
				20A527DB21007B7F001879FA /* main.m in Sources */,
				20A5280721031139001879FA /* MTableViewController.m in Sources */,
				20A527CD21007B7D001879FA /* AppDelegate.m in Sources */,
			);
			runOnlyForDeploymentPostprocessing = 0;
		};
		20A527DC21007B7F001879FA /* Sources */ = {
			isa = PBXSourcesBuildPhase;
			buildActionMask = 2147483647;
			files = (
				20A527E521007B7F001879FA /* MRunloopDemoTests.m in Sources */,
			);
			runOnlyForDeploymentPostprocessing = 0;
		};
		20A527E721007B7F001879FA /* Sources */ = {
			isa = PBXSourcesBuildPhase;
			buildActionMask = 2147483647;
			files = (
				20A527F021007B7F001879FA /* MRunloopDemoUITests.m in Sources */,
			);
			runOnlyForDeploymentPostprocessing = 0;
		};
/* End PBXSourcesBuildPhase section */

/* Begin PBXTargetDependency section */
		20A527E221007B7F001879FA /* PBXTargetDependency */ = {
			isa = PBXTargetDependency;
			target = 20A527C721007B7D001879FA /* MRunloopDemo */;
			targetProxy = 20A527E121007B7F001879FA /* PBXContainerItemProxy */;
		};
		20A527ED21007B7F001879FA /* PBXTargetDependency */ = {
			isa = PBXTargetDependency;
			target = 20A527C721007B7D001879FA /* MRunloopDemo */;
			targetProxy = 20A527EC21007B7F001879FA /* PBXContainerItemProxy */;
		};
/* End PBXTargetDependency section */

/* Begin PBXVariantGroup section */
		20A527D121007B7D001879FA /* Main.storyboard */ = {
			isa = PBXVariantGroup;
			children = (
				20A527D221007B7D001879FA /* Base */,
			);
			name = Main.storyboard;
			sourceTree = "<group>";
		};
		20A527D621007B7E001879FA /* LaunchScreen.storyboard */ = {
			isa = PBXVariantGroup;
			children = (
				20A527D721007B7E001879FA /* Base */,
			);
			name = LaunchScreen.storyboard;
			sourceTree = "<group>";
		};
/* End PBXVariantGroup section */

/* Begin XCBuildConfiguration section */
		20A527F221007B7F001879FA /* Debug */ = {
			isa = XCBuildConfiguration;
			buildSettings = {
				ALWAYS_SEARCH_USER_PATHS = NO;
				CLANG_ANALYZER_NONNULL = YES;
				CLANG_ANALYZER_NUMBER_OBJECT_CONVERSION = YES_AGGRESSIVE;
				CLANG_CXX_LANGUAGE_STANDARD = "gnu++14";
				CLANG_CXX_LIBRARY = "libc++";
				CLANG_ENABLE_MODULES = YES;
				CLANG_ENABLE_OBJC_ARC = YES;
				CLANG_ENABLE_OBJC_WEAK = YES;
				CLANG_WARN_BLOCK_CAPTURE_AUTORELEASING = YES;
				CLANG_WARN_BOOL_CONVERSION = YES;
				CLANG_WARN_COMMA = YES;
				CLANG_WARN_CONSTANT_CONVERSION = YES;
				CLANG_WARN_DEPRECATED_OBJC_IMPLEMENTATIONS = YES;
				CLANG_WARN_DIRECT_OBJC_ISA_USAGE = YES_ERROR;
				CLANG_WARN_DOCUMENTATION_COMMENTS = YES;
				CLANG_WARN_EMPTY_BODY = YES;
				CLANG_WARN_ENUM_CONVERSION = YES;
				CLANG_WARN_INFINITE_RECURSION = YES;
				CLANG_WARN_INT_CONVERSION = YES;
				CLANG_WARN_NON_LITERAL_NULL_CONVERSION = YES;
				CLANG_WARN_OBJC_IMPLICIT_RETAIN_SELF = YES;
				CLANG_WARN_OBJC_LITERAL_CONVERSION = YES;
				CLANG_WARN_OBJC_ROOT_CLASS = YES_ERROR;
				CLANG_WARN_RANGE_LOOP_ANALYSIS = YES;
				CLANG_WARN_STRICT_PROTOTYPES = YES;
				CLANG_WARN_SUSPICIOUS_MOVE = YES;
				CLANG_WARN_UNGUARDED_AVAILABILITY = YES_AGGRESSIVE;
				CLANG_WARN_UNREACHABLE_CODE = YES;
				CLANG_WARN__DUPLICATE_METHOD_MATCH = YES;
				CODE_SIGN_IDENTITY = "iPhone Developer";
				COPY_PHASE_STRIP = NO;
				DEBUG_INFORMATION_FORMAT = dwarf;
				ENABLE_STRICT_OBJC_MSGSEND = YES;
				ENABLE_TESTABILITY = YES;
				GCC_C_LANGUAGE_STANDARD = gnu11;
				GCC_DYNAMIC_NO_PIC = NO;
				GCC_NO_COMMON_BLOCKS = YES;
				GCC_OPTIMIZATION_LEVEL = 0;
				GCC_PREPROCESSOR_DEFINITIONS = (
					"DEBUG=1",
					"$(inherited)",
				);
				GCC_WARN_64_TO_32_BIT_CONVERSION = YES;
				GCC_WARN_ABOUT_RETURN_TYPE = YES_ERROR;
				GCC_WARN_UNDECLARED_SELECTOR = YES;
				GCC_WARN_UNINITIALIZED_AUTOS = YES_AGGRESSIVE;
				GCC_WARN_UNUSED_FUNCTION = YES;
				GCC_WARN_UNUSED_VARIABLE = YES;
				IPHONEOS_DEPLOYMENT_TARGET = 11.4;
				MTL_ENABLE_DEBUG_INFO = YES;
				ONLY_ACTIVE_ARCH = YES;
				SDKROOT = iphoneos;
			};
			name = Debug;
		};
		20A527F321007B7F001879FA /* Release */ = {
			isa = XCBuildConfiguration;
			buildSettings = {
				ALWAYS_SEARCH_USER_PATHS = NO;
				CLANG_ANALYZER_NONNULL = YES;
				CLANG_ANALYZER_NUMBER_OBJECT_CONVERSION = YES_AGGRESSIVE;
				CLANG_CXX_LANGUAGE_STANDARD = "gnu++14";
				CLANG_CXX_LIBRARY = "libc++";
				CLANG_ENABLE_MODULES = YES;
				CLANG_ENABLE_OBJC_ARC = YES;
				CLANG_ENABLE_OBJC_WEAK = YES;
				CLANG_WARN_BLOCK_CAPTURE_AUTORELEASING = YES;
				CLANG_WARN_BOOL_CONVERSION = YES;
				CLANG_WARN_COMMA = YES;
				CLANG_WARN_CONSTANT_CONVERSION = YES;
				CLANG_WARN_DEPRECATED_OBJC_IMPLEMENTATIONS = YES;
				CLANG_WARN_DIRECT_OBJC_ISA_USAGE = YES_ERROR;
				CLANG_WARN_DOCUMENTATION_COMMENTS = YES;
				CLANG_WARN_EMPTY_BODY = YES;
				CLANG_WARN_ENUM_CONVERSION = YES;
				CLANG_WARN_INFINITE_RECURSION = YES;
				CLANG_WARN_INT_CONVERSION = YES;
				CLANG_WARN_NON_LITERAL_NULL_CONVERSION = YES;
				CLANG_WARN_OBJC_IMPLICIT_RETAIN_SELF = YES;
				CLANG_WARN_OBJC_LITERAL_CONVERSION = YES;
				CLANG_WARN_OBJC_ROOT_CLASS = YES_ERROR;
				CLANG_WARN_RANGE_LOOP_ANALYSIS = YES;
				CLANG_WARN_STRICT_PROTOTYPES = YES;
				CLANG_WARN_SUSPICIOUS_MOVE = YES;
				CLANG_WARN_UNGUARDED_AVAILABILITY = YES_AGGRESSIVE;
				CLANG_WARN_UNREACHABLE_CODE = YES;
				CLANG_WARN__DUPLICATE_METHOD_MATCH = YES;
				CODE_SIGN_IDENTITY = "iPhone Developer";
				COPY_PHASE_STRIP = NO;
				DEBUG_INFORMATION_FORMAT = "dwarf-with-dsym";
				ENABLE_NS_ASSERTIONS = NO;
				ENABLE_STRICT_OBJC_MSGSEND = YES;
				GCC_C_LANGUAGE_STANDARD = gnu11;
				GCC_NO_COMMON_BLOCKS = YES;
				GCC_WARN_64_TO_32_BIT_CONVERSION = YES;
				GCC_WARN_ABOUT_RETURN_TYPE = YES_ERROR;
				GCC_WARN_UNDECLARED_SELECTOR = YES;
				GCC_WARN_UNINITIALIZED_AUTOS = YES_AGGRESSIVE;
				GCC_WARN_UNUSED_FUNCTION = YES;
				GCC_WARN_UNUSED_VARIABLE = YES;
				IPHONEOS_DEPLOYMENT_TARGET = 11.4;
				MTL_ENABLE_DEBUG_INFO = NO;
				SDKROOT = iphoneos;
				VALIDATE_PRODUCT = YES;
			};
			name = Release;
		};
		20A527F521007B7F001879FA /* Debug */ = {
			isa = XCBuildConfiguration;
			buildSettings = {
				ASSETCATALOG_COMPILER_APPICON_NAME = AppIcon;
				CODE_SIGN_STYLE = Automatic;
				INFOPLIST_FILE = MRunloopDemo/Info.plist;
				LD_RUNPATH_SEARCH_PATHS = (
					"$(inherited)",
					"@executable_path/Frameworks",
				);
				PRODUCT_BUNDLE_IDENTIFIER = liang.MRunloopDemo;
				PRODUCT_NAME = "$(TARGET_NAME)";
				TARGETED_DEVICE_FAMILY = "1,2";
			};
			name = Debug;
		};
		20A527F621007B7F001879FA /* Release */ = {
			isa = XCBuildConfiguration;
			buildSettings = {
				ASSETCATALOG_COMPILER_APPICON_NAME = AppIcon;
				CODE_SIGN_STYLE = Automatic;
				INFOPLIST_FILE = MRunloopDemo/Info.plist;
				LD_RUNPATH_SEARCH_PATHS = (
					"$(inherited)",
					"@executable_path/Frameworks",
				);
				PRODUCT_BUNDLE_IDENTIFIER = liang.MRunloopDemo;
				PRODUCT_NAME = "$(TARGET_NAME)";
				TARGETED_DEVICE_FAMILY = "1,2";
			};
			name = Release;
		};
		20A527F821007B7F001879FA /* Debug */ = {
			isa = XCBuildConfiguration;
			buildSettings = {
				BUNDLE_LOADER = "$(TEST_HOST)";
				CODE_SIGN_STYLE = Automatic;
				INFOPLIST_FILE = MRunloopDemoTests/Info.plist;
				LD_RUNPATH_SEARCH_PATHS = (
					"$(inherited)",
					"@executable_path/Frameworks",
					"@loader_path/Frameworks",
				);
				PRODUCT_BUNDLE_IDENTIFIER = liang.MRunloopDemoTests;
				PRODUCT_NAME = "$(TARGET_NAME)";
				TARGETED_DEVICE_FAMILY = "1,2";
				TEST_HOST = "$(BUILT_PRODUCTS_DIR)/MRunloopDemo.app/MRunloopDemo";
			};
			name = Debug;
		};
		20A527F921007B7F001879FA /* Release */ = {
			isa = XCBuildConfiguration;
			buildSettings = {
				BUNDLE_LOADER = "$(TEST_HOST)";
				CODE_SIGN_STYLE = Automatic;
				INFOPLIST_FILE = MRunloopDemoTests/Info.plist;
				LD_RUNPATH_SEARCH_PATHS = (
					"$(inherited)",
					"@executable_path/Frameworks",
					"@loader_path/Frameworks",
				);
				PRODUCT_BUNDLE_IDENTIFIER = liang.MRunloopDemoTests;
				PRODUCT_NAME = "$(TARGET_NAME)";
				TARGETED_DEVICE_FAMILY = "1,2";
				TEST_HOST = "$(BUILT_PRODUCTS_DIR)/MRunloopDemo.app/MRunloopDemo";
			};
			name = Release;
		};
		20A527FB21007B7F001879FA /* Debug */ = {
			isa = XCBuildConfiguration;
			buildSettings = {
				CODE_SIGN_STYLE = Automatic;
				INFOPLIST_FILE = MRunloopDemoUITests/Info.plist;
				LD_RUNPATH_SEARCH_PATHS = (
					"$(inherited)",
					"@executable_path/Frameworks",
					"@loader_path/Frameworks",
				);
				PRODUCT_BUNDLE_IDENTIFIER = liang.MRunloopDemoUITests;
				PRODUCT_NAME = "$(TARGET_NAME)";
				TARGETED_DEVICE_FAMILY = "1,2";
				TEST_TARGET_NAME = MRunloopDemo;
			};
			name = Debug;
		};
		20A527FC21007B7F001879FA /* Release */ = {
			isa = XCBuildConfiguration;
			buildSettings = {
				CODE_SIGN_STYLE = Automatic;
				INFOPLIST_FILE = MRunloopDemoUITests/Info.plist;
				LD_RUNPATH_SEARCH_PATHS = (
					"$(inherited)",
					"@executable_path/Frameworks",
					"@loader_path/Frameworks",
				);
				PRODUCT_BUNDLE_IDENTIFIER = liang.MRunloopDemoUITests;
				PRODUCT_NAME = "$(TARGET_NAME)";
				TARGETED_DEVICE_FAMILY = "1,2";
				TEST_TARGET_NAME = MRunloopDemo;
			};
			name = Release;
		};
/* End XCBuildConfiguration section */

/* Begin XCConfigurationList section */
		20A527C321007B7D001879FA /* Build configuration list for PBXProject "MRunloopDemo" */ = {
			isa = XCConfigurationList;
			buildConfigurations = (
				20A527F221007B7F001879FA /* Debug */,
				20A527F321007B7F001879FA /* Release */,
			);
			defaultConfigurationIsVisible = 0;
			defaultConfigurationName = Release;
		};
		20A527F421007B7F001879FA /* Build configuration list for PBXNativeTarget "MRunloopDemo" */ = {
			isa = XCConfigurationList;
			buildConfigurations = (
				20A527F521007B7F001879FA /* Debug */,
				20A527F621007B7F001879FA /* Release */,
			);
			defaultConfigurationIsVisible = 0;
			defaultConfigurationName = Release;
		};
		20A527F721007B7F001879FA /* Build configuration list for PBXNativeTarget "MRunloopDemoTests" */ = {
			isa = XCConfigurationList;
			buildConfigurations = (
				20A527F821007B7F001879FA /* Debug */,
				20A527F921007B7F001879FA /* Release */,
			);
			defaultConfigurationIsVisible = 0;
			defaultConfigurationName = Release;
		};
		20A527FA21007B7F001879FA /* Build configuration list for PBXNativeTarget "MRunloopDemoUITests" */ = {
			isa = XCConfigurationList;
			buildConfigurations = (
				20A527FB21007B7F001879FA /* Debug */,
				20A527FC21007B7F001879FA /* Release */,
			);
			defaultConfigurationIsVisible = 0;
			defaultConfigurationName = Release;
		};
/* End XCConfigurationList section */
	};
	rootObject = 20A527C021007B7D001879FA /* Project object */;
}
