// !$*UTF8*$!
{
	archiveVersion = 1;
	classes = {
	};
	objectVersion = 50;
	objects = {

/* Begin PBXBuildFile section */
		04AFCE3E23379D3100E496D4 /* AppDelegate.swift in Sources */ = {isa = PBXBuildFile; fileRef = 04AFCE3D23379D3100E496D4 /* AppDelegate.swift */; };
		04AFCE4023379D3100E496D4 /* SceneDelegate.swift in Sources */ = {isa = PBXBuildFile; fileRef = 04AFCE3F23379D3100E496D4 /* SceneDelegate.swift */; };
		04AFCE4223379D3100E496D4 /* ContentView.swift in Sources */ = {isa = PBXBuildFile; fileRef = 04AFCE4123379D3100E496D4 /* ContentView.swift */; };
		04AFCE4423379D3200E496D4 /* Assets.xcassets in Resources */ = {isa = PBXBuildFile; fileRef = 04AFCE4323379D3200E496D4 /* Assets.xcassets */; };
		04AFCE4723379D3200E496D4 /* Preview Assets.xcassets in Resources */ = {isa = PBXBuildFile; fileRef = 04AFCE4623379D3200E496D4 /* Preview Assets.xcassets */; };
		04AFCE4A23379D3200E496D4 /* LaunchScreen.storyboard in Resources */ = {isa = PBXBuildFile; fileRef = 04AFCE4823379D3200E496D4 /* LaunchScreen.storyboard */; };
		04AFCE5523379D3200E496D4 /* MSwiftUIDemoTests.swift in Sources */ = {isa = PBXBuildFile; fileRef = 04AFCE5423379D3200E496D4 /* MSwiftUIDemoTests.swift */; };
		04AFCE6023379D3200E496D4 /* MSwiftUIDemoUITests.swift in Sources */ = {isa = PBXBuildFile; fileRef = 04AFCE5F23379D3200E496D4 /* MSwiftUIDemoUITests.swift */; };
/* End PBXBuildFile section */

/* Begin PBXContainerItemProxy section */
		04AFCE5123379D3200E496D4 /* PBXContainerItemProxy */ = {
			isa = PBXContainerItemProxy;
			containerPortal = 04AFCE3223379D3100E496D4 /* Project object */;
			proxyType = 1;
			remoteGlobalIDString = 04AFCE3923379D3100E496D4;
			remoteInfo = MSwiftUIDemo;
		};
		04AFCE5C23379D3200E496D4 /* PBXContainerItemProxy */ = {
			isa = PBXContainerItemProxy;
			containerPortal = 04AFCE3223379D3100E496D4 /* Project object */;
			proxyType = 1;
			remoteGlobalIDString = 04AFCE3923379D3100E496D4;
			remoteInfo = MSwiftUIDemo;
		};
/* End PBXContainerItemProxy section */

/* Begin PBXFileReference section */
		04AFCE3A23379D3100E496D4 /* MSwiftUIDemo.app */ = {isa = PBXFileReference; explicitFileType = wrapper.application; includeInIndex = 0; path = MSwiftUIDemo.app; sourceTree = BUILT_PRODUCTS_DIR; };
		04AFCE3D23379D3100E496D4 /* AppDelegate.swift */ = {isa = PBXFileReference; lastKnownFileType = sourcecode.swift; path = AppDelegate.swift; sourceTree = "<group>"; };
		04AFCE3F23379D3100E496D4 /* SceneDelegate.swift */ = {isa = PBXFileReference; lastKnownFileType = sourcecode.swift; path = SceneDelegate.swift; sourceTree = "<group>"; };
		04AFCE4123379D3100E496D4 /* ContentView.swift */ = {isa = PBXFileReference; lastKnownFileType = sourcecode.swift; path = ContentView.swift; sourceTree = "<group>"; };
		04AFCE4323379D3200E496D4 /* Assets.xcassets */ = {isa = PBXFileReference; lastKnownFileType = folder.assetcatalog; path = Assets.xcassets; sourceTree = "<group>"; };
		04AFCE4623379D3200E496D4 /* Preview Assets.xcassets */ = {isa = PBXFileReference; lastKnownFileType = folder.assetcatalog; path = "Preview Assets.xcassets"; sourceTree = "<group>"; };
		04AFCE4923379D3200E496D4 /* Base */ = {isa = PBXFileReference; lastKnownFileType = file.storyboard; name = Base; path = Base.lproj/LaunchScreen.storyboard; sourceTree = "<group>"; };
		04AFCE4B23379D3200E496D4 /* Info.plist */ = {isa = PBXFileReference; lastKnownFileType = text.plist.xml; path = Info.plist; sourceTree = "<group>"; };
		04AFCE5023379D3200E496D4 /* MSwiftUIDemoTests.xctest */ = {isa = PBXFileReference; explicitFileType = wrapper.cfbundle; includeInIndex = 0; path = MSwiftUIDemoTests.xctest; sourceTree = BUILT_PRODUCTS_DIR; };
		04AFCE5423379D3200E496D4 /* MSwiftUIDemoTests.swift */ = {isa = PBXFileReference; lastKnownFileType = sourcecode.swift; path = MSwiftUIDemoTests.swift; sourceTree = "<group>"; };
		04AFCE5623379D3200E496D4 /* Info.plist */ = {isa = PBXFileReference; lastKnownFileType = text.plist.xml; path = Info.plist; sourceTree = "<group>"; };
		04AFCE5B23379D3200E496D4 /* MSwiftUIDemoUITests.xctest */ = {isa = PBXFileReference; explicitFileType = wrapper.cfbundle; includeInIndex = 0; path = MSwiftUIDemoUITests.xctest; sourceTree = BUILT_PRODUCTS_DIR; };
		04AFCE5F23379D3200E496D4 /* MSwiftUIDemoUITests.swift */ = {isa = PBXFileReference; lastKnownFileType = sourcecode.swift; path = MSwiftUIDemoUITests.swift; sourceTree = "<group>"; };
		04AFCE6123379D3200E496D4 /* Info.plist */ = {isa = PBXFileReference; lastKnownFileType = text.plist.xml; path = Info.plist; sourceTree = "<group>"; };
/* End PBXFileReference section */

/* Begin PBXFrameworksBuildPhase section */
		04AFCE3723379D3100E496D4 /* Frameworks */ = {
			isa = PBXFrameworksBuildPhase;
			buildActionMask = 2147483647;
			files = (
			);
			runOnlyForDeploymentPostprocessing = 0;
		};
		04AFCE4D23379D3200E496D4 /* Frameworks */ = {
			isa = PBXFrameworksBuildPhase;
			buildActionMask = 2147483647;
			files = (
			);
			runOnlyForDeploymentPostprocessing = 0;
		};
		04AFCE5823379D3200E496D4 /* Frameworks */ = {
			isa = PBXFrameworksBuildPhase;
			buildActionMask = 2147483647;
			files = (
			);
			runOnlyForDeploymentPostprocessing = 0;
		};
/* End PBXFrameworksBuildPhase section */

/* Begin PBXGroup section */
		04AFCE3123379D3100E496D4 = {
			isa = PBXGroup;
			children = (
				04AFCE3C23379D3100E496D4 /* MSwiftUIDemo */,
				04AFCE5323379D3200E496D4 /* MSwiftUIDemoTests */,
				04AFCE5E23379D3200E496D4 /* MSwiftUIDemoUITests */,
				04AFCE3B23379D3100E496D4 /* Products */,
			);
			sourceTree = "<group>";
		};
		04AFCE3B23379D3100E496D4 /* Products */ = {
			isa = PBXGroup;
			children = (
				04AFCE3A23379D3100E496D4 /* MSwiftUIDemo.app */,
				04AFCE5023379D3200E496D4 /* MSwiftUIDemoTests.xctest */,
				04AFCE5B23379D3200E496D4 /* MSwiftUIDemoUITests.xctest */,
			);
			name = Products;
			sourceTree = "<group>";
		};
		04AFCE3C23379D3100E496D4 /* MSwiftUIDemo */ = {
			isa = PBXGroup;
			children = (
				04AFCE3D23379D3100E496D4 /* AppDelegate.swift */,
				04AFCE3F23379D3100E496D4 /* SceneDelegate.swift */,
				04AFCE4123379D3100E496D4 /* ContentView.swift */,
				04AFCE4323379D3200E496D4 /* Assets.xcassets */,
				04AFCE4823379D3200E496D4 /* LaunchScreen.storyboard */,
				04AFCE4B23379D3200E496D4 /* Info.plist */,
				04AFCE4523379D3200E496D4 /* Preview Content */,
			);
			path = MSwiftUIDemo;
			sourceTree = "<group>";
		};
		04AFCE4523379D3200E496D4 /* Preview Content */ = {
			isa = PBXGroup;
			children = (
				04AFCE4623379D3200E496D4 /* Preview Assets.xcassets */,
			);
			path = "Preview Content";
			sourceTree = "<group>";
		};
		04AFCE5323379D3200E496D4 /* MSwiftUIDemoTests */ = {
			isa = PBXGroup;
			children = (
				04AFCE5423379D3200E496D4 /* MSwiftUIDemoTests.swift */,
				04AFCE5623379D3200E496D4 /* Info.plist */,
			);
			path = MSwiftUIDemoTests;
			sourceTree = "<group>";
		};
		04AFCE5E23379D3200E496D4 /* MSwiftUIDemoUITests */ = {
			isa = PBXGroup;
			children = (
				04AFCE5F23379D3200E496D4 /* MSwiftUIDemoUITests.swift */,
				04AFCE6123379D3200E496D4 /* Info.plist */,
			);
			path = MSwiftUIDemoUITests;
			sourceTree = "<group>";
		};
/* End PBXGroup section */

/* Begin PBXNativeTarget section */
		04AFCE3923379D3100E496D4 /* MSwiftUIDemo */ = {
			isa = PBXNativeTarget;
			buildConfigurationList = 04AFCE6423379D3200E496D4 /* Build configuration list for PBXNativeTarget "MSwiftUIDemo" */;
			buildPhases = (
				04AFCE3623379D3100E496D4 /* Sources */,
				04AFCE3723379D3100E496D4 /* Frameworks */,
				04AFCE3823379D3100E496D4 /* Resources */,
			);
			buildRules = (
			);
			dependencies = (
			);
			name = MSwiftUIDemo;
			productName = MSwiftUIDemo;
			productReference = 04AFCE3A23379D3100E496D4 /* MSwiftUIDemo.app */;
			productType = "com.apple.product-type.application";
		};
		04AFCE4F23379D3200E496D4 /* MSwiftUIDemoTests */ = {
			isa = PBXNativeTarget;
			buildConfigurationList = 04AFCE6723379D3200E496D4 /* Build configuration list for PBXNativeTarget "MSwiftUIDemoTests" */;
			buildPhases = (
				04AFCE4C23379D3200E496D4 /* Sources */,
				04AFCE4D23379D3200E496D4 /* Frameworks */,
				04AFCE4E23379D3200E496D4 /* Resources */,
			);
			buildRules = (
			);
			dependencies = (
				04AFCE5223379D3200E496D4 /* PBXTargetDependency */,
			);
			name = MSwiftUIDemoTests;
			productName = MSwiftUIDemoTests;
			productReference = 04AFCE5023379D3200E496D4 /* MSwiftUIDemoTests.xctest */;
			productType = "com.apple.product-type.bundle.unit-test";
		};
		04AFCE5A23379D3200E496D4 /* MSwiftUIDemoUITests */ = {
			isa = PBXNativeTarget;
			buildConfigurationList = 04AFCE6A23379D3200E496D4 /* Build configuration list for PBXNativeTarget "MSwiftUIDemoUITests" */;
			buildPhases = (
				04AFCE5723379D3200E496D4 /* Sources */,
				04AFCE5823379D3200E496D4 /* Frameworks */,
				04AFCE5923379D3200E496D4 /* Resources */,
			);
			buildRules = (
			);
			dependencies = (
				04AFCE5D23379D3200E496D4 /* PBXTargetDependency */,
			);
			name = MSwiftUIDemoUITests;
			productName = MSwiftUIDemoUITests;
			productReference = 04AFCE5B23379D3200E496D4 /* MSwiftUIDemoUITests.xctest */;
			productType = "com.apple.product-type.bundle.ui-testing";
		};
/* End PBXNativeTarget section */

/* Begin PBXProject section */
		04AFCE3223379D3100E496D4 /* Project object */ = {
			isa = PBXProject;
			attributes = {
				LastSwiftUpdateCheck = 1100;
				LastUpgradeCheck = 1100;
				ORGANIZATIONNAME = mal;
				TargetAttributes = {
					04AFCE3923379D3100E496D4 = {
						CreatedOnToolsVersion = 11.0;
					};
					04AFCE4F23379D3200E496D4 = {
						CreatedOnToolsVersion = 11.0;
						TestTargetID = 04AFCE3923379D3100E496D4;
					};
					04AFCE5A23379D3200E496D4 = {
						CreatedOnToolsVersion = 11.0;
						TestTargetID = 04AFCE3923379D3100E496D4;
					};
				};
			};
			buildConfigurationList = 04AFCE3523379D3100E496D4 /* Build configuration list for PBXProject "MSwiftUIDemo" */;
			compatibilityVersion = "Xcode 9.3";
			developmentRegion = en;
			hasScannedForEncodings = 0;
			knownRegions = (
				en,
				Base,
			);
			mainGroup = 04AFCE3123379D3100E496D4;
			productRefGroup = 04AFCE3B23379D3100E496D4 /* Products */;
			projectDirPath = "";
			projectRoot = "";
			targets = (
				04AFCE3923379D3100E496D4 /* MSwiftUIDemo */,
				04AFCE4F23379D3200E496D4 /* MSwiftUIDemoTests */,
				04AFCE5A23379D3200E496D4 /* MSwiftUIDemoUITests */,
			);
		};
/* End PBXProject section */

/* Begin PBXResourcesBuildPhase section */
		04AFCE3823379D3100E496D4 /* Resources */ = {
			isa = PBXResourcesBuildPhase;
			buildActionMask = 2147483647;
			files = (
				04AFCE4A23379D3200E496D4 /* LaunchScreen.storyboard in Resources */,
				04AFCE4723379D3200E496D4 /* Preview Assets.xcassets in Resources */,
				04AFCE4423379D3200E496D4 /* Assets.xcassets in Resources */,
			);
			runOnlyForDeploymentPostprocessing = 0;
		};
		04AFCE4E23379D3200E496D4 /* Resources */ = {
			isa = PBXResourcesBuildPhase;
			buildActionMask = 2147483647;
			files = (
			);
			runOnlyForDeploymentPostprocessing = 0;
		};
		04AFCE5923379D3200E496D4 /* Resources */ = {
			isa = PBXResourcesBuildPhase;
			buildActionMask = 2147483647;
			files = (
			);
			runOnlyForDeploymentPostprocessing = 0;
		};
/* End PBXResourcesBuildPhase section */

/* Begin PBXSourcesBuildPhase section */
		04AFCE3623379D3100E496D4 /* Sources */ = {
			isa = PBXSourcesBuildPhase;
			buildActionMask = 2147483647;
			files = (
				04AFCE3E23379D3100E496D4 /* AppDelegate.swift in Sources */,
				04AFCE4023379D3100E496D4 /* SceneDelegate.swift in Sources */,
				04AFCE4223379D3100E496D4 /* ContentView.swift in Sources */,
			);
			runOnlyForDeploymentPostprocessing = 0;
		};
		04AFCE4C23379D3200E496D4 /* Sources */ = {
			isa = PBXSourcesBuildPhase;
			buildActionMask = 2147483647;
			files = (
				04AFCE5523379D3200E496D4 /* MSwiftUIDemoTests.swift in Sources */,
			);
			runOnlyForDeploymentPostprocessing = 0;
		};
		04AFCE5723379D3200E496D4 /* Sources */ = {
			isa = PBXSourcesBuildPhase;
			buildActionMask = 2147483647;
			files = (
				04AFCE6023379D3200E496D4 /* MSwiftUIDemoUITests.swift in Sources */,
			);
			runOnlyForDeploymentPostprocessing = 0;
		};
/* End PBXSourcesBuildPhase section */

/* Begin PBXTargetDependency section */
		04AFCE5223379D3200E496D4 /* PBXTargetDependency */ = {
			isa = PBXTargetDependency;
			target = 04AFCE3923379D3100E496D4 /* MSwiftUIDemo */;
			targetProxy = 04AFCE5123379D3200E496D4 /* PBXContainerItemProxy */;
		};
		04AFCE5D23379D3200E496D4 /* PBXTargetDependency */ = {
			isa = PBXTargetDependency;
			target = 04AFCE3923379D3100E496D4 /* MSwiftUIDemo */;
			targetProxy = 04AFCE5C23379D3200E496D4 /* PBXContainerItemProxy */;
		};
/* End PBXTargetDependency section */

/* Begin PBXVariantGroup section */
		04AFCE4823379D3200E496D4 /* LaunchScreen.storyboard */ = {
			isa = PBXVariantGroup;
			children = (
				04AFCE4923379D3200E496D4 /* Base */,
			);
			name = LaunchScreen.storyboard;
			sourceTree = "<group>";
		};
/* End PBXVariantGroup section */

/* Begin XCBuildConfiguration section */
		04AFCE6223379D3200E496D4 /* Debug */ = {
			isa = XCBuildConfiguration;
			buildSettings = {
				ALWAYS_SEARCH_USER_PATHS = NO;
				CLANG_ANALYZER_NONNULL = YES;
				CLANG_ANALYZER_NUMBER_OBJECT_CONVERSION = YES_AGGRESSIVE;
				CLANG_CXX_LANGUAGE_STANDARD = "gnu++14";
				CLANG_CXX_LIBRARY = "libc++";
				CLANG_ENABLE_MODULES = YES;
				CLANG_ENABLE_OBJC_ARC = YES;
				CLANG_ENABLE_OBJC_WEAK = YES;
				CLANG_WARN_BLOCK_CAPTURE_AUTORELEASING = YES;
				CLANG_WARN_BOOL_CONVERSION = YES;
				CLANG_WARN_COMMA = YES;
				CLANG_WARN_CONSTANT_CONVERSION = YES;
				CLANG_WARN_DEPRECATED_OBJC_IMPLEMENTATIONS = YES;
				CLANG_WARN_DIRECT_OBJC_ISA_USAGE = YES_ERROR;
				CLANG_WARN_DOCUMENTATION_COMMENTS = YES;
				CLANG_WARN_EMPTY_BODY = YES;
				CLANG_WARN_ENUM_CONVERSION = YES;
				CLANG_WARN_INFINITE_RECURSION = YES;
				CLANG_WARN_INT_CONVERSION = YES;
				CLANG_WARN_NON_LITERAL_NULL_CONVERSION = YES;
				CLANG_WARN_OBJC_IMPLICIT_RETAIN_SELF = YES;
				CLANG_WARN_OBJC_LITERAL_CONVERSION = YES;
				CLANG_WARN_OBJC_ROOT_CLASS = YES_ERROR;
				CLANG_WARN_RANGE_LOOP_ANALYSIS = YES;
				CLANG_WARN_STRICT_PROTOTYPES = YES;
				CLANG_WARN_SUSPICIOUS_MOVE = YES;
				CLANG_WARN_UNGUARDED_AVAILABILITY = YES_AGGRESSIVE;
				CLANG_WARN_UNREACHABLE_CODE = YES;
				CLANG_WARN__DUPLICATE_METHOD_MATCH = YES;
				COPY_PHASE_STRIP = NO;
				DEBUG_INFORMATION_FORMAT = dwarf;
				ENABLE_STRICT_OBJC_MSGSEND = YES;
				ENABLE_TESTABILITY = YES;
				GCC_C_LANGUAGE_STANDARD = gnu11;
				GCC_DYNAMIC_NO_PIC = NO;
				GCC_NO_COMMON_BLOCKS = YES;
				GCC_OPTIMIZATION_LEVEL = 0;
				GCC_PREPROCESSOR_DEFINITIONS = (
					"DEBUG=1",
					"$(inherited)",
				);
				GCC_WARN_64_TO_32_BIT_CONVERSION = YES;
				GCC_WARN_ABOUT_RETURN_TYPE = YES_ERROR;
				GCC_WARN_UNDECLARED_SELECTOR = YES;
				GCC_WARN_UNINITIALIZED_AUTOS = YES_AGGRESSIVE;
				GCC_WARN_UNUSED_FUNCTION = YES;
				GCC_WARN_UNUSED_VARIABLE = YES;
				IPHONEOS_DEPLOYMENT_TARGET = 13.0;
				MTL_ENABLE_DEBUG_INFO = INCLUDE_SOURCE;
				MTL_FAST_MATH = YES;
				ONLY_ACTIVE_ARCH = YES;
				SDKROOT = iphoneos;
				SWIFT_ACTIVE_COMPILATION_CONDITIONS = DEBUG;
				SWIFT_OPTIMIZATION_LEVEL = "-Onone";
			};
			name = Debug;
		};
		04AFCE6323379D3200E496D4 /* Release */ = {
			isa = XCBuildConfiguration;
			buildSettings = {
				ALWAYS_SEARCH_USER_PATHS = NO;
				CLANG_ANALYZER_NONNULL = YES;
				CLANG_ANALYZER_NUMBER_OBJECT_CONVERSION = YES_AGGRESSIVE;
				CLANG_CXX_LANGUAGE_STANDARD = "gnu++14";
				CLANG_CXX_LIBRARY = "libc++";
				CLANG_ENABLE_MODULES = YES;
				CLANG_ENABLE_OBJC_ARC = YES;
				CLANG_ENABLE_OBJC_WEAK = YES;
				CLANG_WARN_BLOCK_CAPTURE_AUTORELEASING = YES;
				CLANG_WARN_BOOL_CONVERSION = YES;
				CLANG_WARN_COMMA = YES;
				CLANG_WARN_CONSTANT_CONVERSION = YES;
				CLANG_WARN_DEPRECATED_OBJC_IMPLEMENTATIONS = YES;
				CLANG_WARN_DIRECT_OBJC_ISA_USAGE = YES_ERROR;
				CLANG_WARN_DOCUMENTATION_COMMENTS = YES;
				CLANG_WARN_EMPTY_BODY = YES;
				CLANG_WARN_ENUM_CONVERSION = YES;
				CLANG_WARN_INFINITE_RECURSION = YES;
				CLANG_WARN_INT_CONVERSION = YES;
				CLANG_WARN_NON_LITERAL_NULL_CONVERSION = YES;
				CLANG_WARN_OBJC_IMPLICIT_RETAIN_SELF = YES;
				CLANG_WARN_OBJC_LITERAL_CONVERSION = YES;
				CLANG_WARN_OBJC_ROOT_CLASS = YES_ERROR;
				CLANG_WARN_RANGE_LOOP_ANALYSIS = YES;
				CLANG_WARN_STRICT_PROTOTYPES = YES;
				CLANG_WARN_SUSPICIOUS_MOVE = YES;
				CLANG_WARN_UNGUARDED_AVAILABILITY = YES_AGGRESSIVE;
				CLANG_WARN_UNREACHABLE_CODE = YES;
				CLANG_WARN__DUPLICATE_METHOD_MATCH = YES;
				COPY_PHASE_STRIP = NO;
				DEBUG_INFORMATION_FORMAT = "dwarf-with-dsym";
				ENABLE_NS_ASSERTIONS = NO;
				ENABLE_STRICT_OBJC_MSGSEND = YES;
				GCC_C_LANGUAGE_STANDARD = gnu11;
				GCC_NO_COMMON_BLOCKS = YES;
				GCC_WARN_64_TO_32_BIT_CONVERSION = YES;
				GCC_WARN_ABOUT_RETURN_TYPE = YES_ERROR;
				GCC_WARN_UNDECLARED_SELECTOR = YES;
				GCC_WARN_UNINITIALIZED_AUTOS = YES_AGGRESSIVE;
				GCC_WARN_UNUSED_FUNCTION = YES;
				GCC_WARN_UNUSED_VARIABLE = YES;
				IPHONEOS_DEPLOYMENT_TARGET = 13.0;
				MTL_ENABLE_DEBUG_INFO = NO;
				MTL_FAST_MATH = YES;
				SDKROOT = iphoneos;
				SWIFT_COMPILATION_MODE = wholemodule;
				SWIFT_OPTIMIZATION_LEVEL = "-O";
				VALIDATE_PRODUCT = YES;
			};
			name = Release;
		};
		04AFCE6523379D3200E496D4 /* Debug */ = {
			isa = XCBuildConfiguration;
			buildSettings = {
				ASSETCATALOG_COMPILER_APPICON_NAME = AppIcon;
				CODE_SIGN_STYLE = Automatic;
				DEVELOPMENT_ASSET_PATHS = "\"MSwiftUIDemo/Preview Content\"";
				ENABLE_PREVIEWS = YES;
				INFOPLIST_FILE = MSwiftUIDemo/Info.plist;
				LD_RUNPATH_SEARCH_PATHS = (
					"$(inherited)",
					"@executable_path/Frameworks",
				);
				PRODUCT_BUNDLE_IDENTIFIER = com.MSwiftUIDemo;
				PRODUCT_NAME = "$(TARGET_NAME)";
				SWIFT_VERSION = 5.0;
				TARGETED_DEVICE_FAMILY = "1,2";
			};
			name = Debug;
		};
		04AFCE6623379D3200E496D4 /* Release */ = {
			isa = XCBuildConfiguration;
			buildSettings = {
				ASSETCATALOG_COMPILER_APPICON_NAME = AppIcon;
				CODE_SIGN_STYLE = Automatic;
				DEVELOPMENT_ASSET_PATHS = "\"MSwiftUIDemo/Preview Content\"";
				ENABLE_PREVIEWS = YES;
				INFOPLIST_FILE = MSwiftUIDemo/Info.plist;
				LD_RUNPATH_SEARCH_PATHS = (
					"$(inherited)",
					"@executable_path/Frameworks",
				);
				PRODUCT_BUNDLE_IDENTIFIER = com.MSwiftUIDemo;
				PRODUCT_NAME = "$(TARGET_NAME)";
				SWIFT_VERSION = 5.0;
				TARGETED_DEVICE_FAMILY = "1,2";
			};
			name = Release;
		};
		04AFCE6823379D3200E496D4 /* Debug */ = {
			isa = XCBuildConfiguration;
			buildSettings = {
				ALWAYS_EMBED_SWIFT_STANDARD_LIBRARIES = YES;
				BUNDLE_LOADER = "$(TEST_HOST)";
				CODE_SIGN_STYLE = Automatic;
				INFOPLIST_FILE = MSwiftUIDemoTests/Info.plist;
				IPHONEOS_DEPLOYMENT_TARGET = 13.0;
				LD_RUNPATH_SEARCH_PATHS = (
					"$(inherited)",
					"@executable_path/Frameworks",
					"@loader_path/Frameworks",
				);
				PRODUCT_BUNDLE_IDENTIFIER = com.MSwiftUIDemoTests;
				PRODUCT_NAME = "$(TARGET_NAME)";
				SWIFT_VERSION = 5.0;
				TARGETED_DEVICE_FAMILY = "1,2";
				TEST_HOST = "$(BUILT_PRODUCTS_DIR)/MSwiftUIDemo.app/MSwiftUIDemo";
			};
			name = Debug;
		};
		04AFCE6923379D3200E496D4 /* Release */ = {
			isa = XCBuildConfiguration;
			buildSettings = {
				ALWAYS_EMBED_SWIFT_STANDARD_LIBRARIES = YES;
				BUNDLE_LOADER = "$(TEST_HOST)";
				CODE_SIGN_STYLE = Automatic;
				INFOPLIST_FILE = MSwiftUIDemoTests/Info.plist;
				IPHONEOS_DEPLOYMENT_TARGET = 13.0;
				LD_RUNPATH_SEARCH_PATHS = (
					"$(inherited)",
					"@executable_path/Frameworks",
					"@loader_path/Frameworks",
				);
				PRODUCT_BUNDLE_IDENTIFIER = com.MSwiftUIDemoTests;
				PRODUCT_NAME = "$(TARGET_NAME)";
				SWIFT_VERSION = 5.0;
				TARGETED_DEVICE_FAMILY = "1,2";
				TEST_HOST = "$(BUILT_PRODUCTS_DIR)/MSwiftUIDemo.app/MSwiftUIDemo";
			};
			name = Release;
		};
		04AFCE6B23379D3200E496D4 /* Debug */ = {
			isa = XCBuildConfiguration;
			buildSettings = {
				ALWAYS_EMBED_SWIFT_STANDARD_LIBRARIES = YES;
				CODE_SIGN_STYLE = Automatic;
				INFOPLIST_FILE = MSwiftUIDemoUITests/Info.plist;
				LD_RUNPATH_SEARCH_PATHS = (
					"$(inherited)",
					"@executable_path/Frameworks",
					"@loader_path/Frameworks",
				);
				PRODUCT_BUNDLE_IDENTIFIER = com.MSwiftUIDemoUITests;
				PRODUCT_NAME = "$(TARGET_NAME)";
				SWIFT_VERSION = 5.0;
				TARGETED_DEVICE_FAMILY = "1,2";
				TEST_TARGET_NAME = MSwiftUIDemo;
			};
			name = Debug;
		};
		04AFCE6C23379D3200E496D4 /* Release */ = {
			isa = XCBuildConfiguration;
			buildSettings = {
				ALWAYS_EMBED_SWIFT_STANDARD_LIBRARIES = YES;
				CODE_SIGN_STYLE = Automatic;
				INFOPLIST_FILE = MSwiftUIDemoUITests/Info.plist;
				LD_RUNPATH_SEARCH_PATHS = (
					"$(inherited)",
					"@executable_path/Frameworks",
					"@loader_path/Frameworks",
				);
				PRODUCT_BUNDLE_IDENTIFIER = com.MSwiftUIDemoUITests;
				PRODUCT_NAME = "$(TARGET_NAME)";
				SWIFT_VERSION = 5.0;
				TARGETED_DEVICE_FAMILY = "1,2";
				TEST_TARGET_NAME = MSwiftUIDemo;
			};
			name = Release;
		};
/* End XCBuildConfiguration section */

/* Begin XCConfigurationList section */
		04AFCE3523379D3100E496D4 /* Build configuration list for PBXProject "MSwiftUIDemo" */ = {
			isa = XCConfigurationList;
			buildConfigurations = (
				04AFCE6223379D3200E496D4 /* Debug */,
				04AFCE6323379D3200E496D4 /* Release */,
			);
			defaultConfigurationIsVisible = 0;
			defaultConfigurationName = Release;
		};
		04AFCE6423379D3200E496D4 /* Build configuration list for PBXNativeTarget "MSwiftUIDemo" */ = {
			isa = XCConfigurationList;
			buildConfigurations = (
				04AFCE6523379D3200E496D4 /* Debug */,
				04AFCE6623379D3200E496D4 /* Release */,
			);
			defaultConfigurationIsVisible = 0;
			defaultConfigurationName = Release;
		};
		04AFCE6723379D3200E496D4 /* Build configuration list for PBXNativeTarget "MSwiftUIDemoTests" */ = {
			isa = XCConfigurationList;
			buildConfigurations = (
				04AFCE6823379D3200E496D4 /* Debug */,
				04AFCE6923379D3200E496D4 /* Release */,
			);
			defaultConfigurationIsVisible = 0;
			defaultConfigurationName = Release;
		};
		04AFCE6A23379D3200E496D4 /* Build configuration list for PBXNativeTarget "MSwiftUIDemoUITests" */ = {
			isa = XCConfigurationList;
			buildConfigurations = (
				04AFCE6B23379D3200E496D4 /* Debug */,
				04AFCE6C23379D3200E496D4 /* Release */,
			);
			defaultConfigurationIsVisible = 0;
			defaultConfigurationName = Release;
		};
/* End XCConfigurationList section */
	};
	rootObject = 04AFCE3223379D3100E496D4 /* Project object */;
}
