PODS:
  - CocoaLumberjack (3.4.2):
    - CocoaLumberjack/Default (= 3.4.2)
    - CocoaLumberjack/Extensions (= 3.4.2)
  - CocoaLumberjack/Default (3.4.2)
  - CocoaLumberjack/Extensions (3.4.2):
    - CocoaLumberjack/Default

DEPENDENCIES:
  - CocoaLumberjack (~> 3.4.2)

SPEC REPOS:
  https://github.com/CocoaPods/Specs.git:
    - CocoaLumberjack

SPEC CHECKSUMS:
  CocoaLumberjack: db7cc9e464771f12054c22ff6947c5a58d43a0fd

PODFILE CHECKSUM: 345039fa1794fd46bec7dae67dde5ef3c14aaca9

COCOAPODS: 1.5.0
